PODS:
  - Flutter (1.0.0)
  - fluttertoast (0.0.2):
    - Flutter
  - isar_community_flutter_libs (1.0.0):
    - Flutter
  - screen_brightness_ios (2.1.3):
    - Flutter

DEPENDENCIES:
  - Flutter (from `Flutter`)
  - fluttertoast (from `.symlinks/plugins/fluttertoast/ios`)
  - isar_community_flutter_libs (from `.symlinks/plugins/isar_community_flutter_libs/ios`)
  - screen_brightness_ios (from `.symlinks/plugins/screen_brightness_ios/ios`)

EXTERNAL SOURCES:
  Flutter:
    :path: Flutter
  fluttertoast:
    :path: ".symlinks/plugins/fluttertoast/ios"
  isar_community_flutter_libs:
    :path: ".symlinks/plugins/isar_community_flutter_libs/ios"
  screen_brightness_ios:
    :path: ".symlinks/plugins/screen_brightness_ios/ios"

SPEC CHECKSUMS:
  Flutter: cabc95a1d2626b1b06e7179b784ebcf0c0cde467
  fluttertoast: 1a1c71b9fbdf68f5fef34d2c548d5038ac51c0ea
  isar_community_flutter_libs: bede843185a61a05ff364a05c9b23209523f7e0d
  screen_brightness_ios: 212d950bb99c915eee971c884f4a6c87c92cd13d

PODFILE CHECKSUM: 49b901dafe98c75125ed774593ddb2e2aec88460

COCOAPODS: 1.16.2
